PODS:
  - FMDB (2.6.2):
    - FMDB/standard (= 2.6.2)
  - FMDB/standard (2.6.2)
  - YTKKeyValueStore (0.1.2):
    - FMDB (~> 2.0)

DEPENDENCIES:
  - YTKKeyValueStore

SPEC CHECKSUMS:
  FMDB: 854a0341b4726e53276f2a8996f06f1b80f9259a
  YTKKeyValueStore: 4d002941540dd5108fa23009b71e0f2f937f7a0f

PODFILE CHECKSUM: 1902f28775d680492e2310922ad337725748587f

COCOAPODS: 1.0.1
